# This file is generated by running "yarn install" inside your project.
# Manual changes might be lost - proceed with caution!

__metadata:
  version: 4
  cacheKey: 7

"@kayu/client@npm:0.0.0":
  version: 0.0.0
  resolution: "@kayu/client@npm:0.0.0"
  dependencies:
    "@kayu/codegen": 0.0.0
    cross-fetch: ^3.0.6
    object-hash: ^2.1.1
  bin:
    kayu: dist/bin/index.js
  checksum: d8c51a87273550bff79142e789ec880005f493461164e37e4b4da746723aec0060bff1937872f7d4b2fc5fa8e315f3c1305ab5c47a25c848c63d66ed67a8b3a7
  languageName: node
  linkType: hard

"@kayu/codegen@npm:0.0.0":
  version: 0.0.0
  resolution: "@kayu/codegen@npm:0.0.0"
  dependencies:
    camelcase: ^6.2.0
    graphql: ^15.4.0
    multilines: ^1.0.3
    node-fetch: ^2.6.1
    prettier: ^2.2.1
  checksum: f6fded256e7af770dc64cbf699d82708ad8b2d81c9b919e84f9e9affd4d6de25be47acd91dd41f778f0938676b1b8c0dff89ac66fbb5e6a6f35ae241825366a7
  languageName: node
  linkType: hard

"@types/node@npm:^14.14.20":
  version: 14.14.20
  resolution: "@types/node@npm:14.14.20"
  checksum: 84a9fd73de978967723f951173ff4d07dca259941d3e37c7a3dbb236c09b3f2294bb2098678a806afe6fd6cac39a7d0a1d399f602378c951bd5d01ede535d570
  languageName: node
  linkType: hard

"arg@npm:^4.1.0":
  version: 4.1.3
  resolution: "arg@npm:4.1.3"
  checksum: 81b3b40b1529c4fbf75b12f7c3e6fb2dcce9e78072063babc169de9b4f40777788f3d2b04380f659ef676a756e03ccfbfe78adf4477353bda906295fa69dab89
  languageName: node
  linkType: hard

"buffer-from@npm:^1.0.0":
  version: 1.1.1
  resolution: "buffer-from@npm:1.1.1"
  checksum: 540ceb79c4f5bfcadaabbc18324fa84c50dc52905084be7c03596a339cf5a88513bee6831ce9b36ddd046fab09257a7c80686e129d0559a0cfd141da196ad956
  languageName: node
  linkType: hard

"camelcase@npm:^6.2.0":
  version: 6.2.0
  resolution: "camelcase@npm:6.2.0"
  checksum: 654700600a80cb1f06ab85b3e2fe80333f94b441884d40826becdac549774f51b0317c6dcb6040416df26241fa9481eb58d0c1659d4d6d5627dcd4259be61beb
  languageName: node
  linkType: hard

"create-require@npm:^1.1.0":
  version: 1.1.1
  resolution: "create-require@npm:1.1.1"
  checksum: babd307893abfb26d77ae11cb9d6b6cfa6d18c9cee435cf70b5a3fb44aa8d90c9ec26ea89cbb16e0a94b8d34f5fcaee164b90ed526cdd3158955673ab9652d01
  languageName: node
  linkType: hard

"cross-fetch@npm:^3.0.6":
  version: 3.0.6
  resolution: "cross-fetch@npm:3.0.6"
  dependencies:
    node-fetch: 2.6.1
  checksum: a491ad1b89988a351f8b8b252b68a5e653636d911042648c43a806cf7575ff043379a80d6269102ca60ec633af0b49ca4c83536007793bb0e65e491769f70d9d
  languageName: node
  linkType: hard

"diff@npm:^4.0.1":
  version: 4.0.2
  resolution: "diff@npm:4.0.2"
  checksum: 81b5cd7ddde6f0ba2a532d434cfdca365aedd6cc62bb133e851e66e071d40382a30924a07c1034bd3d5a2e332146f64514b73c06fe2ebc0490a67f0c98da79fb
  languageName: node
  linkType: hard

"graphql@npm:^15.4.0":
  version: 15.4.0
  resolution: "graphql@npm:15.4.0"
  checksum: 1a307dcfe2646e1e8323d03e8cd24554ba9f7369863bf0b020f2e4b39bff3504dc7d6dcad19cb96899f0825eda4c688819911f0c270e84f1bb0954fe3ac16a31
  languageName: node
  linkType: hard

"make-error@npm:^1.1.1":
  version: 1.3.6
  resolution: "make-error@npm:1.3.6"
  checksum: 2c780bab8409b865e8ee86697c599a2bf2765ec64d21eb67ccda27050e039f983feacad05a0d43aba3c966ea03d305d2612e94fec45474bcbc61181f57c5bb88
  languageName: node
  linkType: hard

"multilines@npm:^1.0.3":
  version: 1.0.3
  resolution: "multilines@npm:1.0.3"
  checksum: 188c6aa67380eff25a6b6ebe22f683f761449d9a278e3bb396165122e95627ac3a4ae884e261fc54cd0461b8970bd957032ab4444ba607f323ea0001c1f80323
  languageName: node
  linkType: hard

"node-fetch@npm:2.6.1, node-fetch@npm:^2.6.1":
  version: 2.6.1
  resolution: "node-fetch@npm:2.6.1"
  checksum: cbb171635e538162b977eac5dfe7a1e07a9a02e991924377a6435502291e2f823d306b95aabc455caebf4a118ccf836868462bc70ccc3095af02bb9da61fda37
  languageName: node
  linkType: hard

"object-hash@npm:^2.1.1":
  version: 2.1.1
  resolution: "object-hash@npm:2.1.1"
  checksum: fe49a0864cba7ac4055c604295692ae75f5f4d22ba929aaaa987469809d17ab030d1111e8f0d425a070fa4a78b8021b55260e26e98b66b59e0f7be2bd9069fb8
  languageName: node
  linkType: hard

"prettier@npm:^2.2.1":
  version: 2.2.1
  resolution: "prettier@npm:2.2.1"
  bin:
    prettier: bin-prettier.js
  checksum: 92c6c9f4b87eba1f28466edee57dd18c80d00b858edda77d46d1950d20e6e302b68ee255fc91133ba931e63c4577b5ae30da194d9626a8f3c0177778b91bf056
  languageName: node
  linkType: hard

"source-map-support@npm:^0.5.17":
  version: 0.5.19
  resolution: "source-map-support@npm:0.5.19"
  dependencies:
    buffer-from: ^1.0.0
    source-map: ^0.6.0
  checksum: 59d4efaae97755155b078413ecba63517e3ef054cc7ab767bbd30e6f3054be2ae8e8f5cce7eef53b7eb93e98fe27a58dd8f5e7abfb13144ba420ddaf5267bbb2
  languageName: node
  linkType: hard

"source-map@npm:^0.6.0":
  version: 0.6.1
  resolution: "source-map@npm:0.6.1"
  checksum: 8647829a0611724114022be455ca1c8a2c8ae61df81c5b3667d9b398207226a1e21174fb7bbf0b4dbeb27ac358222afb5a14f1c74a62a62b8883b012e5eb1270
  languageName: node
  linkType: hard

"ts-node@npm:^9.1.1":
  version: 9.1.1
  resolution: "ts-node@npm:9.1.1"
  dependencies:
    arg: ^4.1.0
    create-require: ^1.1.0
    diff: ^4.0.1
    make-error: ^1.1.1
    source-map-support: ^0.5.17
    yn: 3.1.1
  peerDependencies:
    typescript: ">=2.7"
  bin:
    ts-node: dist/bin.js
    ts-node-script: dist/bin-script.js
    ts-node-transpile-only: dist/bin-transpile.js
    ts-script: dist/bin-script-deprecated.js
  checksum: a90db4a342872cd0e7a80babdfcb15d2f7c06e700d735003098f7cc79db575c3380580c58a19ae0d0eaab553af083651d4237060c92170e6f8ac4e64693113ea
  languageName: node
  linkType: hard

typescript@^4.1.3:
  version: 4.1.3
  resolution: "typescript@npm:4.1.3"
  bin:
    tsc: bin/tsc
    tsserver: bin/tsserver
  checksum: 4f7ab1506ea22c7a1c313ec5b4285e93ce08d709ad6086d02d3096adb399ca339972ee56d1e578213c51dd0fb7b0fad50283c2d3c39642405644458ae29774f8
  languageName: node
  linkType: hard

"typescript@patch:typescript@^4.1.3#builtin<compat/typescript>":
  version: 4.1.3
  resolution: "typescript@patch:typescript@npm%3A4.1.3#builtin<compat/typescript>::version=4.1.3&hash=cc6730"
  bin:
    tsc: bin/tsc
    tsserver: bin/tsserver
  checksum: 017af992148346e671d5b83b041773825888e9c94db8d2b9472cdbb6d6f0ee85927817473121524d319f8be6ffe5a6904d27ff6ef21356d2274fcadd52e17938
  languageName: node
  linkType: hard

"typescript@workspace:.":
  version: 0.0.0-use.local
  resolution: "typescript@workspace:."
  dependencies:
    "@kayu/client": 0.0.0
    "@types/node": ^14.14.20
    prettier: ^2.2.1
    ts-node: ^9.1.1
    typescript: ^4.1.3
  languageName: unknown
  linkType: soft

"yn@npm:3.1.1":
  version: 3.1.1
  resolution: "yn@npm:3.1.1"
  checksum: bff63b80568d80c711670935427494dde47cdf97e8b04196b140ce0af519c81c5ee857eddad0caa8b422dd65aea0157bbfaacbb1546bebba623f0f383d5d9ae5
  languageName: node
  linkType: hard
